
Microsoft Visual Studio Solution File, Format Version 12.00
# Visual Studio Version 17
VisualStudioVersion = 17.5.33627.172
MinimumVisualStudioVersion = 10.0.40219.1
Project("{FAE04EC0-301F-11D3-BF4B-00C04F79EFBC}") = "InstallUninstallServiceUserDemo", "InstallUninstallServiceUserDemo\InstallUninstallServiceUserDemo.csproj", "{D59EDA23-2619-4EF0-89C5-4D5C15193133}"
EndProject
Project("{54435603-DBB4-11D2-8724-00A0C9A8B90C}") = "SetupDemo", "SetupDemo\SetupDemo.vdproj", "{16DBA346-AEA2-4A4B-AE1A-73A8EEF11146}"
EndProject
Global
	GlobalSection(SolutionConfigurationPlatforms) = preSolution
		Debug|Any CPU = Debug|Any CPU
		Release|Any CPU = Release|Any CPU
	EndGlobalSection
	GlobalSection(ProjectConfigurationPlatforms) = postSolution
		{D59EDA23-2619-4EF0-89C5-4D5C15193133}.Debug|Any CPU.ActiveCfg = Debug|Any CPU
		{D59EDA23-2619-4EF0-89C5-4D5C15193133}.Debug|Any CPU.Build.0 = Debug|Any CPU
		{D59EDA23-2619-4EF0-89C5-4D5C15193133}.Release|Any CPU.ActiveCfg = Release|Any CPU
		{D59EDA23-2619-4EF0-89C5-4D5C15193133}.Release|Any CPU.Build.0 = Release|Any CPU
		{16DBA346-AEA2-4A4B-AE1A-73A8EEF11146}.Debug|Any CPU.ActiveCfg = Debug
		{16DBA346-AEA2-4A4B-AE1A-73A8EEF11146}.Release|Any CPU.ActiveCfg = Release
	EndGlobalSection
	GlobalSection(SolutionProperties) = preSolution
		HideSolutionNode = FALSE
	EndGlobalSection
	GlobalSection(ExtensibilityGlobals) = postSolution
		SolutionGuid = {90C7FC50-3897-4C8C-9E07-328FB5C5C224}
	EndGlobalSection
EndGlobal
